
Microsoft Visual Studio Solution File, Format Version 12.00
# Visual Studio Version 17
VisualStudioVersion = 17.9.34714.143
MinimumVisualStudioVersion = 10.0.40219.1
Project("{2150E333-8FDC-42A3-9474-1A3956D46DE8}") = "src", "src", "{968ADD58-7A7B-4ECF-80B7-65170A03851A}"
EndProject
Project("{9A19103F-16F7-4668-BE54-9A1E7A4F7556}") = "ancanet.server", "src\ancanet.server\ancanet.server.csproj", "{29593D93-6F4C-47C4-8A3E-DF6BEE649BFE}"
EndProject
Project("{FAE04EC0-301F-11D3-BF4B-00C04F79EFBC}") = "ancanet.client.blazor", "src\ancanet.client.blazor\ancanet.client.blazor.csproj", "{55724DE5-2997-46BA-AB04-F0BEC2C8A7AD}"
EndProject
Global
	GlobalSection(SolutionConfigurationPlatforms) = preSolution
		Debug|Any CPU = Debug|Any CPU
		Release|Any CPU = Release|Any CPU
	EndGlobalSection
	GlobalSection(ProjectConfigurationPlatforms) = postSolution
		{29593D93-6F4C-47C4-8A3E-DF6BEE649BFE}.Debug|Any CPU.ActiveCfg = Debug|Any CPU
		{29593D93-6F4C-47C4-8A3E-DF6BEE649BFE}.Debug|Any CPU.Build.0 = Debug|Any CPU
		{29593D93-6F4C-47C4-8A3E-DF6BEE649BFE}.Release|Any CPU.ActiveCfg = Release|Any CPU
		{29593D93-6F4C-47C4-8A3E-DF6BEE649BFE}.Release|Any CPU.Build.0 = Release|Any CPU
		{55724DE5-2997-46BA-AB04-F0BEC2C8A7AD}.Debug|Any CPU.ActiveCfg = Debug|Any CPU
		{55724DE5-2997-46BA-AB04-F0BEC2C8A7AD}.Debug|Any CPU.Build.0 = Debug|Any CPU
		{55724DE5-2997-46BA-AB04-F0BEC2C8A7AD}.Release|Any CPU.ActiveCfg = Release|Any CPU
		{55724DE5-2997-46BA-AB04-F0BEC2C8A7AD}.Release|Any CPU.Build.0 = Release|Any CPU
	EndGlobalSection
	GlobalSection(SolutionProperties) = preSolution
		HideSolutionNode = FALSE
	EndGlobalSection
	GlobalSection(NestedProjects) = preSolution
		{29593D93-6F4C-47C4-8A3E-DF6BEE649BFE} = {968ADD58-7A7B-4ECF-80B7-65170A03851A}
		{55724DE5-2997-46BA-AB04-F0BEC2C8A7AD} = {968ADD58-7A7B-4ECF-80B7-65170A03851A}
	EndGlobalSection
	GlobalSection(ExtensibilityGlobals) = postSolution
		SolutionGuid = {90C68CAE-4C57-4C0C-B184-29189BCFA8B7}
	EndGlobalSection
EndGlobal
